
Microsoft Visual Studio Solution File, Format Version 12.00
# Visual Studio Version 16
VisualStudioVersion = 16.0.31205.134
MinimumVisualStudioVersion = 10.0.40219.1
Project("{FAE04EC0-301F-11D3-BF4B-00C04F79EFBC}") = "Lab6", "Lab6\Lab6.csproj", "{477BEE5F-D3D6-41EC-9C51-2F390C83F460}"
EndProject
Global
	GlobalSection(SolutionConfigurationPlatforms) = preSolution
		Debug|Any CPU = Debug|Any CPU
		Release|Any CPU = Release|Any CPU
	EndGlobalSection
	GlobalSection(ProjectConfigurationPlatforms) = postSolution
		{477BEE5F-D3D6-41EC-9C51-2F390C83F460}.Debug|Any CPU.ActiveCfg = Debug|Any CPU
		{477BEE5F-D3D6-41EC-9C51-2F390C83F460}.Debug|Any CPU.Build.0 = Debug|Any CPU
		{477BEE5F-D3D6-41EC-9C51-2F390C83F460}.Release|Any CPU.ActiveCfg = Release|Any CPU
		{477BEE5F-D3D6-41EC-9C51-2F390C83F460}.Release|Any CPU.Build.0 = Release|Any CPU
	EndGlobalSection
	GlobalSection(SolutionProperties) = preSolution
		HideSolutionNode = FALSE
	EndGlobalSection
	GlobalSection(ExtensibilityGlobals) = postSolution
		SolutionGuid = {1812BCF0-B45F-40DD-A62A-A76AFACA9105}
	EndGlobalSection
EndGlobal
